// !$*UTF8*$!
{
	archiveVersion = 1;
	classes = {
	};
	objectVersion = 51;
	objects = {

/* Begin PBXBuildFile section */
		76084EAB256B8ED70080FFD3 /* CoreDataManager.swift in Sources */ = {isa = PBXBuildFile; fileRef = 76084EAA256B8ED70080FFD3 /* CoreDataManager.swift */; };
		761CC8E224B41DA2005F8F9F /* WorkoutDetailVC.swift in Sources */ = {isa = PBXBuildFile; fileRef = 761CC8E124B41DA2005F8F9F /* WorkoutDetailVC.swift */; };
		762745FE247250460002D7A8 /* AppDelegate.swift in Sources */ = {isa = PBXBuildFile; fileRef = 762745FD247250460002D7A8 /* AppDelegate.swift */; };
		76274600247250460002D7A8 /* SceneDelegate.swift in Sources */ = {isa = PBXBuildFile; fileRef = 762745FF247250460002D7A8 /* SceneDelegate.swift */; };
		76274602247250460002D7A8 /* WeeklyWorkoutOverview.swift in Sources */ = {isa = PBXBuildFile; fileRef = 76274601247250460002D7A8 /* WeeklyWorkoutOverview.swift */; };
		76274605247250460002D7A8 /* Main.storyboard in Resources */ = {isa = PBXBuildFile; fileRef = 76274603247250460002D7A8 /* Main.storyboard */; };
		76274608247250460002D7A8 /* Weekly_Workouts.xcdatamodeld in Sources */ = {isa = PBXBuildFile; fileRef = 76274606247250460002D7A8 /* Weekly_Workouts.xcdatamodeld */; };
		7627460A247250480002D7A8 /* Assets.xcassets in Resources */ = {isa = PBXBuildFile; fileRef = 76274609247250480002D7A8 /* Assets.xcassets */; };
		7627460D247250480002D7A8 /* LaunchScreen.storyboard in Resources */ = {isa = PBXBuildFile; fileRef = 7627460B247250480002D7A8 /* LaunchScreen.storyboard */; };
		76274618247250490002D7A8 /* Weekly_WorkoutsTests.swift in Sources */ = {isa = PBXBuildFile; fileRef = 76274617247250490002D7A8 /* Weekly_WorkoutsTests.swift */; };
		76274623247250490002D7A8 /* Weekly_WorkoutsUITests.swift in Sources */ = {isa = PBXBuildFile; fileRef = 76274622247250490002D7A8 /* Weekly_WorkoutsUITests.swift */; };
		7629C17C253EB4E8003B71E1 /* GoogleService-Info.plist in Resources */ = {isa = PBXBuildFile; fileRef = 7629C17B253EB4E8003B71E1 /* GoogleService-Info.plist */; };
		76350318247259020091211C /* WorkoutCell.swift in Sources */ = {isa = PBXBuildFile; fileRef = 76350317247259020091211C /* WorkoutCell.swift */; };
		766000FB24725A3D0069B740 /* WorkoutCached.swift in Sources */ = {isa = PBXBuildFile; fileRef = 766000FA24725A3D0069B740 /* WorkoutCached.swift */; };
		76C58DB524A95C70001AB553 /* AddWorkoutVC.swift in Sources */ = {isa = PBXBuildFile; fileRef = 76C58DB424A95C70001AB553 /* AddWorkoutVC.swift */; };
		76C58DB724A9B96B001AB553 /* Extensions.swift in Sources */ = {isa = PBXBuildFile; fileRef = 76C58DB624A9B96B001AB553 /* Extensions.swift */; };
		8F1B1D5557460F326D5AD967 /* Pods_WeeklyWorkouts.framework in Frameworks */ = {isa = PBXBuildFile; fileRef = 9C222EB3C7A58D8C004F2A67 /* Pods_WeeklyWorkouts.framework */; };
/* End PBXBuildFile section */

/* Begin PBXContainerItemProxy section */
		76274614247250490002D7A8 /* PBXContainerItemProxy */ = {
			isa = PBXContainerItemProxy;
			containerPortal = 762745F2247250460002D7A8 /* Project object */;
			proxyType = 1;
			remoteGlobalIDString = 762745F9247250460002D7A8;
			remoteInfo = "Weekly Workouts";
		};
		7627461F247250490002D7A8 /* PBXContainerItemProxy */ = {
			isa = PBXContainerItemProxy;
			containerPortal = 762745F2247250460002D7A8 /* Project object */;
			proxyType = 1;
			remoteGlobalIDString = 762745F9247250460002D7A8;
			remoteInfo = "Weekly Workouts";
		};
/* End PBXContainerItemProxy section */

/* Begin PBXFileReference section */
		20CA3D2F046E28DFA0845EC7 /* Pods-WeeklyWorkouts.release.xcconfig */ = {isa = PBXFileReference; includeInIndex = 1; lastKnownFileType = text.xcconfig; name = "Pods-WeeklyWorkouts.release.xcconfig"; path = "Target Support Files/Pods-WeeklyWorkouts/Pods-WeeklyWorkouts.release.xcconfig"; sourceTree = "<group>"; };
		4F377CDB18948F7E968407B8 /* Pods-WeeklyWorkouts.debug.xcconfig */ = {isa = PBXFileReference; includeInIndex = 1; lastKnownFileType = text.xcconfig; name = "Pods-WeeklyWorkouts.debug.xcconfig"; path = "Target Support Files/Pods-WeeklyWorkouts/Pods-WeeklyWorkouts.debug.xcconfig"; sourceTree = "<group>"; };
		76084EAA256B8ED70080FFD3 /* CoreDataManager.swift */ = {isa = PBXFileReference; lastKnownFileType = sourcecode.swift; path = CoreDataManager.swift; sourceTree = "<group>"; };
		761CC8E124B41DA2005F8F9F /* WorkoutDetailVC.swift */ = {isa = PBXFileReference; lastKnownFileType = sourcecode.swift; path = WorkoutDetailVC.swift; sourceTree = "<group>"; };
		762745FA247250460002D7A8 /* WeeklyWorkouts.app */ = {isa = PBXFileReference; explicitFileType = wrapper.application; includeInIndex = 0; path = WeeklyWorkouts.app; sourceTree = BUILT_PRODUCTS_DIR; };
		762745FD247250460002D7A8 /* AppDelegate.swift */ = {isa = PBXFileReference; lastKnownFileType = sourcecode.swift; path = AppDelegate.swift; sourceTree = "<group>"; };
		762745FF247250460002D7A8 /* SceneDelegate.swift */ = {isa = PBXFileReference; lastKnownFileType = sourcecode.swift; path = SceneDelegate.swift; sourceTree = "<group>"; };
		76274601247250460002D7A8 /* WeeklyWorkoutOverview.swift */ = {isa = PBXFileReference; lastKnownFileType = sourcecode.swift; path = WeeklyWorkoutOverview.swift; sourceTree = "<group>"; };
		76274604247250460002D7A8 /* Base */ = {isa = PBXFileReference; lastKnownFileType = file.storyboard; name = Base; path = Base.lproj/Main.storyboard; sourceTree = "<group>"; };
		76274607247250460002D7A8 /* Weekly_Workouts.xcdatamodel */ = {isa = PBXFileReference; lastKnownFileType = wrapper.xcdatamodel; path = Weekly_Workouts.xcdatamodel; sourceTree = "<group>"; };
		76274609247250480002D7A8 /* Assets.xcassets */ = {isa = PBXFileReference; lastKnownFileType = folder.assetcatalog; path = Assets.xcassets; sourceTree = "<group>"; };
		7627460C247250480002D7A8 /* Base */ = {isa = PBXFileReference; lastKnownFileType = file.storyboard; name = Base; path = Base.lproj/LaunchScreen.storyboard; sourceTree = "<group>"; };
		7627460E247250480002D7A8 /* Info.plist */ = {isa = PBXFileReference; lastKnownFileType = text.plist.xml; path = Info.plist; sourceTree = "<group>"; };
		76274613247250490002D7A8 /* Weekly WorkoutsTests.xctest */ = {isa = PBXFileReference; explicitFileType = wrapper.cfbundle; includeInIndex = 0; path = "Weekly WorkoutsTests.xctest"; sourceTree = BUILT_PRODUCTS_DIR; };
		76274617247250490002D7A8 /* Weekly_WorkoutsTests.swift */ = {isa = PBXFileReference; lastKnownFileType = sourcecode.swift; path = Weekly_WorkoutsTests.swift; sourceTree = "<group>"; };
		76274619247250490002D7A8 /* Info.plist */ = {isa = PBXFileReference; lastKnownFileType = text.plist.xml; path = Info.plist; sourceTree = "<group>"; };
		7627461E247250490002D7A8 /* Weekly WorkoutsUITests.xctest */ = {isa = PBXFileReference; explicitFileType = wrapper.cfbundle; includeInIndex = 0; path = "Weekly WorkoutsUITests.xctest"; sourceTree = BUILT_PRODUCTS_DIR; };
		76274622247250490002D7A8 /* Weekly_WorkoutsUITests.swift */ = {isa = PBXFileReference; lastKnownFileType = sourcecode.swift; path = Weekly_WorkoutsUITests.swift; sourceTree = "<group>"; };
		76274624247250490002D7A8 /* Info.plist */ = {isa = PBXFileReference; lastKnownFileType = text.plist.xml; path = Info.plist; sourceTree = "<group>"; };
		7629C17B253EB4E8003B71E1 /* GoogleService-Info.plist */ = {isa = PBXFileReference; fileEncoding = 4; lastKnownFileType = text.plist.xml; path = "GoogleService-Info.plist"; sourceTree = "<group>"; };
		76350317247259020091211C /* WorkoutCell.swift */ = {isa = PBXFileReference; lastKnownFileType = sourcecode.swift; path = WorkoutCell.swift; sourceTree = "<group>"; };
		766000FA24725A3D0069B740 /* WorkoutCached.swift */ = {isa = PBXFileReference; lastKnownFileType = sourcecode.swift; path = WorkoutCached.swift; sourceTree = "<group>"; };
		76C58DB424A95C70001AB553 /* AddWorkoutVC.swift */ = {isa = PBXFileReference; lastKnownFileType = sourcecode.swift; path = AddWorkoutVC.swift; sourceTree = "<group>"; };
		76C58DB624A9B96B001AB553 /* Extensions.swift */ = {isa = PBXFileReference; lastKnownFileType = sourcecode.swift; path = Extensions.swift; sourceTree = "<group>"; };
		9C222EB3C7A58D8C004F2A67 /* Pods_WeeklyWorkouts.framework */ = {isa = PBXFileReference; explicitFileType = wrapper.framework; includeInIndex = 0; path = Pods_WeeklyWorkouts.framework; sourceTree = BUILT_PRODUCTS_DIR; };
/* End PBXFileReference section */

/* Begin PBXFrameworksBuildPhase section */
		762745F7247250460002D7A8 /* Frameworks */ = {
			isa = PBXFrameworksBuildPhase;
			buildActionMask = 2147483647;
			files = (
				8F1B1D5557460F326D5AD967 /* Pods_WeeklyWorkouts.framework in Frameworks */,
			);
			runOnlyForDeploymentPostprocessing = 0;
		};
		76274610247250490002D7A8 /* Frameworks */ = {
			isa = PBXFrameworksBuildPhase;
			buildActionMask = 2147483647;
			files = (
			);
			runOnlyForDeploymentPostprocessing = 0;
		};
		7627461B247250490002D7A8 /* Frameworks */ = {
			isa = PBXFrameworksBuildPhase;
			buildActionMask = 2147483647;
			files = (
			);
			runOnlyForDeploymentPostprocessing = 0;
		};
/* End PBXFrameworksBuildPhase section */

/* Begin PBXGroup section */
		30ED97D7225CF425DDA243E0 /* Frameworks */ = {
			isa = PBXGroup;
			children = (
				9C222EB3C7A58D8C004F2A67 /* Pods_WeeklyWorkouts.framework */,
			);
			name = Frameworks;
			sourceTree = "<group>";
		};
		76084E71256B87AB0080FFD3 /* Utility */ = {
			isa = PBXGroup;
			children = (
				76C58DB624A9B96B001AB553 /* Extensions.swift */,
			);
			path = Utility;
			sourceTree = "<group>";
		};
		76084EB3256B951E0080FFD3 /* CoreData */ = {
			isa = PBXGroup;
			children = (
				76084EAA256B8ED70080FFD3 /* CoreDataManager.swift */,
				76274606247250460002D7A8 /* Weekly_Workouts.xcdatamodeld */,
			);
			path = CoreData;
			sourceTree = "<group>";
		};
		762745F1247250460002D7A8 = {
			isa = PBXGroup;
			children = (
				762745FC247250460002D7A8 /* WeeklyWorkouts */,
				76274616247250490002D7A8 /* WeeklyWorkoutsTests */,
				76274621247250490002D7A8 /* WeeklyWorkoutsUITests */,
				762745FB247250460002D7A8 /* Products */,
				9124123E1C025EFBA6BCC1FC /* Pods */,
				30ED97D7225CF425DDA243E0 /* Frameworks */,
			);
			sourceTree = "<group>";
		};
		762745FB247250460002D7A8 /* Products */ = {
			isa = PBXGroup;
			children = (
				762745FA247250460002D7A8 /* WeeklyWorkouts.app */,
				76274613247250490002D7A8 /* Weekly WorkoutsTests.xctest */,
				7627461E247250490002D7A8 /* Weekly WorkoutsUITests.xctest */,
			);
			name = Products;
			sourceTree = "<group>";
		};
		762745FC247250460002D7A8 /* WeeklyWorkouts */ = {
			isa = PBXGroup;
			children = (
				76B52EF525AD64CE00E77D17 /* Models */,
				76084EB3256B951E0080FFD3 /* CoreData */,
				762745FD247250460002D7A8 /* AppDelegate.swift */,
				762745FF247250460002D7A8 /* SceneDelegate.swift */,
				76274601247250460002D7A8 /* WeeklyWorkoutOverview.swift */,
				76350317247259020091211C /* WorkoutCell.swift */,
				76C58DB424A95C70001AB553 /* AddWorkoutVC.swift */,
				761CC8E124B41DA2005F8F9F /* WorkoutDetailVC.swift */,
				76274603247250460002D7A8 /* Main.storyboard */,
				76274609247250480002D7A8 /* Assets.xcassets */,
				7627460B247250480002D7A8 /* LaunchScreen.storyboard */,
				7627460E247250480002D7A8 /* Info.plist */,
				7629C17B253EB4E8003B71E1 /* GoogleService-Info.plist */,
				76084E71256B87AB0080FFD3 /* Utility */,
			);
			path = WeeklyWorkouts;
			sourceTree = "<group>";
		};
		76274616247250490002D7A8 /* WeeklyWorkoutsTests */ = {
			isa = PBXGroup;
			children = (
				76274617247250490002D7A8 /* Weekly_WorkoutsTests.swift */,
				76274619247250490002D7A8 /* Info.plist */,
			);
			path = WeeklyWorkoutsTests;
			sourceTree = "<group>";
		};
		76274621247250490002D7A8 /* WeeklyWorkoutsUITests */ = {
			isa = PBXGroup;
			children = (
				76274622247250490002D7A8 /* Weekly_WorkoutsUITests.swift */,
				76274624247250490002D7A8 /* Info.plist */,
			);
			path = WeeklyWorkoutsUITests;
			sourceTree = "<group>";
		};
		76B52EF525AD64CE00E77D17 /* Models */ = {
			isa = PBXGroup;
			children = (
				766000FA24725A3D0069B740 /* WorkoutCached.swift */,
			);
			path = Models;
			sourceTree = "<group>";
		};
		9124123E1C025EFBA6BCC1FC /* Pods */ = {
			isa = PBXGroup;
			children = (
				4F377CDB18948F7E968407B8 /* Pods-WeeklyWorkouts.debug.xcconfig */,
				20CA3D2F046E28DFA0845EC7 /* Pods-WeeklyWorkouts.release.xcconfig */,
			);
			path = Pods;
			sourceTree = "<group>";
		};
/* End PBXGroup section */

/* Begin PBXNativeTarget section */
		762745F9247250460002D7A8 /* WeeklyWorkouts */ = {
			isa = PBXNativeTarget;
			buildConfigurationList = 76274627247250490002D7A8 /* Build configuration list for PBXNativeTarget "WeeklyWorkouts" */;
			buildPhases = (
				D4ABFAFD0A56726B215F1F2A /* [CP] Check Pods Manifest.lock */,
				762745F6247250460002D7A8 /* Sources */,
				762745F7247250460002D7A8 /* Frameworks */,
				762745F8247250460002D7A8 /* Resources */,
				8A400E826A5722819CC98F4F /* [CP] Embed Pods Frameworks */,
			);
			buildRules = (
			);
			dependencies = (
			);
			name = WeeklyWorkouts;
			productName = "Weekly Workouts";
			productReference = 762745FA247250460002D7A8 /* WeeklyWorkouts.app */;
			productType = "com.apple.product-type.application";
		};
		76274612247250490002D7A8 /* Weekly WorkoutsTests */ = {
			isa = PBXNativeTarget;
			buildConfigurationList = 7627462A247250490002D7A8 /* Build configuration list for PBXNativeTarget "Weekly WorkoutsTests" */;
			buildPhases = (
				7627460F247250490002D7A8 /* Sources */,
				76274610247250490002D7A8 /* Frameworks */,
				76274611247250490002D7A8 /* Resources */,
			);
			buildRules = (
			);
			dependencies = (
				76274615247250490002D7A8 /* PBXTargetDependency */,
			);
			name = "Weekly WorkoutsTests";
			productName = "Weekly WorkoutsTests";
			productReference = 76274613247250490002D7A8 /* Weekly WorkoutsTests.xctest */;
			productType = "com.apple.product-type.bundle.unit-test";
		};
		7627461D247250490002D7A8 /* Weekly WorkoutsUITests */ = {
			isa = PBXNativeTarget;
			buildConfigurationList = 7627462D247250490002D7A8 /* Build configuration list for PBXNativeTarget "Weekly WorkoutsUITests" */;
			buildPhases = (
				7627461A247250490002D7A8 /* Sources */,
				7627461B247250490002D7A8 /* Frameworks */,
				7627461C247250490002D7A8 /* Resources */,
			);
			buildRules = (
			);
			dependencies = (
				76274620247250490002D7A8 /* PBXTargetDependency */,
			);
			name = "Weekly WorkoutsUITests";
			productName = "Weekly WorkoutsUITests";
			productReference = 7627461E247250490002D7A8 /* Weekly WorkoutsUITests.xctest */;
			productType = "com.apple.product-type.bundle.ui-testing";
		};
/* End PBXNativeTarget section */

/* Begin PBXProject section */
		762745F2247250460002D7A8 /* Project object */ = {
			isa = PBXProject;
			attributes = {
				LastSwiftUpdateCheck = 1120;
				LastUpgradeCheck = 1120;
				ORGANIZATIONNAME = "Kevin Veldkamp";
				TargetAttributes = {
					762745F9247250460002D7A8 = {
						CreatedOnToolsVersion = 11.2.1;
					};
					76274612247250490002D7A8 = {
						CreatedOnToolsVersion = 11.2.1;
						TestTargetID = 762745F9247250460002D7A8;
					};
					7627461D247250490002D7A8 = {
						CreatedOnToolsVersion = 11.2.1;
						TestTargetID = 762745F9247250460002D7A8;
					};
				};
			};
			buildConfigurationList = 762745F5247250460002D7A8 /* Build configuration list for PBXProject "WeeklyWorkouts" */;
			compatibilityVersion = "Xcode 9.3";
			developmentRegion = en;
			hasScannedForEncodings = 0;
			knownRegions = (
				en,
				Base,
			);
			mainGroup = 762745F1247250460002D7A8;
			productRefGroup = 762745FB247250460002D7A8 /* Products */;
			projectDirPath = "";
			projectRoot = "";
			targets = (
				762745F9247250460002D7A8 /* WeeklyWorkouts */,
				76274612247250490002D7A8 /* Weekly WorkoutsTests */,
				7627461D247250490002D7A8 /* Weekly WorkoutsUITests */,
			);
		};
/* End PBXProject section */

/* Begin PBXResourcesBuildPhase section */
		762745F8247250460002D7A8 /* Resources */ = {
			isa = PBXResourcesBuildPhase;
			buildActionMask = 2147483647;
			files = (
				7627460D247250480002D7A8 /* LaunchScreen.storyboard in Resources */,
				7627460A247250480002D7A8 /* Assets.xcassets in Resources */,
				76274605247250460002D7A8 /* Main.storyboard in Resources */,
				7629C17C253EB4E8003B71E1 /* GoogleService-Info.plist in Resources */,
			);
			runOnlyForDeploymentPostprocessing = 0;
		};
		76274611247250490002D7A8 /* Resources */ = {
			isa = PBXResourcesBuildPhase;
			buildActionMask = 2147483647;
			files = (
			);
			runOnlyForDeploymentPostprocessing = 0;
		};
		7627461C247250490002D7A8 /* Resources */ = {
			isa = PBXResourcesBuildPhase;
			buildActionMask = 2147483647;
			files = (
			);
			runOnlyForDeploymentPostprocessing = 0;
		};
/* End PBXResourcesBuildPhase section */

/* Begin PBXShellScriptBuildPhase section */
		8A400E826A5722819CC98F4F /* [CP] Embed Pods Frameworks */ = {
			isa = PBXShellScriptBuildPhase;
			buildActionMask = 2147483647;
			files = (
			);
			inputFileListPaths = (
				"${PODS_ROOT}/Target Support Files/Pods-WeeklyWorkouts/Pods-WeeklyWorkouts-frameworks-${CONFIGURATION}-input-files.xcfilelist",
			);
			name = "[CP] Embed Pods Frameworks";
			outputFileListPaths = (
				"${PODS_ROOT}/Target Support Files/Pods-WeeklyWorkouts/Pods-WeeklyWorkouts-frameworks-${CONFIGURATION}-output-files.xcfilelist",
			);
			runOnlyForDeploymentPostprocessing = 0;
			shellPath = /bin/sh;
			shellScript = "\"${PODS_ROOT}/Target Support Files/Pods-WeeklyWorkouts/Pods-WeeklyWorkouts-frameworks.sh\"\n";
			showEnvVarsInLog = 0;
		};
		D4ABFAFD0A56726B215F1F2A /* [CP] Check Pods Manifest.lock */ = {
			isa = PBXShellScriptBuildPhase;
			buildActionMask = 2147483647;
			files = (
			);
			inputFileListPaths = (
			);
			inputPaths = (
				"${PODS_PODFILE_DIR_PATH}/Podfile.lock",
				"${PODS_ROOT}/Manifest.lock",
			);
			name = "[CP] Check Pods Manifest.lock";
			outputFileListPaths = (
			);
			outputPaths = (
				"$(DERIVED_FILE_DIR)/Pods-WeeklyWorkouts-checkManifestLockResult.txt",
			);
			runOnlyForDeploymentPostprocessing = 0;
			shellPath = /bin/sh;
			shellScript = "diff \"${PODS_PODFILE_DIR_PATH}/Podfile.lock\" \"${PODS_ROOT}/Manifest.lock\" > /dev/null\nif [ $? != 0 ] ; then\n    # print error to STDERR\n    echo \"error: The sandbox is not in sync with the Podfile.lock. Run 'pod install' or update your CocoaPods installation.\" >&2\n    exit 1\nfi\n# This output is used by Xcode 'outputs' to avoid re-running this script phase.\necho \"SUCCESS\" > \"${SCRIPT_OUTPUT_FILE_0}\"\n";
			showEnvVarsInLog = 0;
		};
/* End PBXShellScriptBuildPhase section */

/* Begin PBXSourcesBuildPhase section */
		762745F6247250460002D7A8 /* Sources */ = {
			isa = PBXSourcesBuildPhase;
			buildActionMask = 2147483647;
			files = (
				76274602247250460002D7A8 /* WeeklyWorkoutOverview.swift in Sources */,
				76350318247259020091211C /* WorkoutCell.swift in Sources */,
				762745FE247250460002D7A8 /* AppDelegate.swift in Sources */,
				76C58DB724A9B96B001AB553 /* Extensions.swift in Sources */,
				761CC8E224B41DA2005F8F9F /* WorkoutDetailVC.swift in Sources */,
				76274608247250460002D7A8 /* Weekly_Workouts.xcdatamodeld in Sources */,
				76274600247250460002D7A8 /* SceneDelegate.swift in Sources */,
				766000FB24725A3D0069B740 /* WorkoutCached.swift in Sources */,
				76084EAB256B8ED70080FFD3 /* CoreDataManager.swift in Sources */,
				76C58DB524A95C70001AB553 /* AddWorkoutVC.swift in Sources */,
			);
			runOnlyForDeploymentPostprocessing = 0;
		};
		7627460F247250490002D7A8 /* Sources */ = {
			isa = PBXSourcesBuildPhase;
			buildActionMask = 2147483647;
			files = (
				76274618247250490002D7A8 /* Weekly_WorkoutsTests.swift in Sources */,
			);
			runOnlyForDeploymentPostprocessing = 0;
		};
		7627461A247250490002D7A8 /* Sources */ = {
			isa = PBXSourcesBuildPhase;
			buildActionMask = 2147483647;
			files = (
				76274623247250490002D7A8 /* Weekly_WorkoutsUITests.swift in Sources */,
			);
			runOnlyForDeploymentPostprocessing = 0;
		};
/* End PBXSourcesBuildPhase section */

/* Begin PBXTargetDependency section */
		76274615247250490002D7A8 /* PBXTargetDependency */ = {
			isa = PBXTargetDependency;
			target = 762745F9247250460002D7A8 /* WeeklyWorkouts */;
			targetProxy = 76274614247250490002D7A8 /* PBXContainerItemProxy */;
		};
		76274620247250490002D7A8 /* PBXTargetDependency */ = {
			isa = PBXTargetDependency;
			target = 762745F9247250460002D7A8 /* WeeklyWorkouts */;
			targetProxy = 7627461F247250490002D7A8 /* PBXContainerItemProxy */;
		};
/* End PBXTargetDependency section */

/* Begin PBXVariantGroup section */
		76274603247250460002D7A8 /* Main.storyboard */ = {
			isa = PBXVariantGroup;
			children = (
				76274604247250460002D7A8 /* Base */,
			);
			name = Main.storyboard;
			sourceTree = "<group>";
		};
		7627460B247250480002D7A8 /* LaunchScreen.storyboard */ = {
			isa = PBXVariantGroup;
			children = (
				7627460C247250480002D7A8 /* Base */,
			);
			name = LaunchScreen.storyboard;
			sourceTree = "<group>";
		};
/* End PBXVariantGroup section */

/* Begin XCBuildConfiguration section */
		76274625247250490002D7A8 /* Debug */ = {
			isa = XCBuildConfiguration;
			buildSettings = {
				ALWAYS_SEARCH_USER_PATHS = NO;
				CLANG_ANALYZER_NONNULL = YES;
				CLANG_ANALYZER_NUMBER_OBJECT_CONVERSION = YES_AGGRESSIVE;
				CLANG_CXX_LANGUAGE_STANDARD = "gnu++14";
				CLANG_CXX_LIBRARY = "libc++";
				CLANG_ENABLE_MODULES = YES;
				CLANG_ENABLE_OBJC_ARC = YES;
				CLANG_ENABLE_OBJC_WEAK = YES;
				CLANG_WARN_BLOCK_CAPTURE_AUTORELEASING = YES;
				CLANG_WARN_BOOL_CONVERSION = YES;
				CLANG_WARN_COMMA = YES;
				CLANG_WARN_CONSTANT_CONVERSION = YES;
				CLANG_WARN_DEPRECATED_OBJC_IMPLEMENTATIONS = YES;
				CLANG_WARN_DIRECT_OBJC_ISA_USAGE = YES_ERROR;
				CLANG_WARN_DOCUMENTATION_COMMENTS = YES;
				CLANG_WARN_EMPTY_BODY = YES;
				CLANG_WARN_ENUM_CONVERSION = YES;
				CLANG_WARN_INFINITE_RECURSION = YES;
				CLANG_WARN_INT_CONVERSION = YES;
				CLANG_WARN_NON_LITERAL_NULL_CONVERSION = YES;
				CLANG_WARN_OBJC_IMPLICIT_RETAIN_SELF = YES;
				CLANG_WARN_OBJC_LITERAL_CONVERSION = YES;
				CLANG_WARN_OBJC_ROOT_CLASS = YES_ERROR;
				CLANG_WARN_RANGE_LOOP_ANALYSIS = YES;
				CLANG_WARN_STRICT_PROTOTYPES = YES;
				CLANG_WARN_SUSPICIOUS_MOVE = YES;
				CLANG_WARN_UNGUARDED_AVAILABILITY = YES_AGGRESSIVE;
				CLANG_WARN_UNREACHABLE_CODE = YES;
				CLANG_WARN__DUPLICATE_METHOD_MATCH = YES;
				COPY_PHASE_STRIP = NO;
				DEBUG_INFORMATION_FORMAT = dwarf;
				ENABLE_STRICT_OBJC_MSGSEND = YES;
				ENABLE_TESTABILITY = YES;
				GCC_C_LANGUAGE_STANDARD = gnu11;
				GCC_DYNAMIC_NO_PIC = NO;
				GCC_NO_COMMON_BLOCKS = YES;
				GCC_OPTIMIZATION_LEVEL = 0;
				GCC_PREPROCESSOR_DEFINITIONS = (
					"DEBUG=1",
					"$(inherited)",
				);
				GCC_WARN_64_TO_32_BIT_CONVERSION = YES;
				GCC_WARN_ABOUT_RETURN_TYPE = YES_ERROR;
				GCC_WARN_UNDECLARED_SELECTOR = YES;
				GCC_WARN_UNINITIALIZED_AUTOS = YES_AGGRESSIVE;
				GCC_WARN_UNUSED_FUNCTION = YES;
				GCC_WARN_UNUSED_VARIABLE = YES;
				IPHONEOS_DEPLOYMENT_TARGET = 13.2;
				MTL_ENABLE_DEBUG_INFO = INCLUDE_SOURCE;
				MTL_FAST_MATH = YES;
				ONLY_ACTIVE_ARCH = YES;
				SDKROOT = iphoneos;
				SWIFT_ACTIVE_COMPILATION_CONDITIONS = DEBUG;
				SWIFT_OPTIMIZATION_LEVEL = "-Onone";
			};
			name = Debug;
		};
		76274626247250490002D7A8 /* Release */ = {
			isa = XCBuildConfiguration;
			buildSettings = {
				ALWAYS_SEARCH_USER_PATHS = NO;
				CLANG_ANALYZER_NONNULL = YES;
				CLANG_ANALYZER_NUMBER_OBJECT_CONVERSION = YES_AGGRESSIVE;
				CLANG_CXX_LANGUAGE_STANDARD = "gnu++14";
				CLANG_CXX_LIBRARY = "libc++";
				CLANG_ENABLE_MODULES = YES;
				CLANG_ENABLE_OBJC_ARC = YES;
				CLANG_ENABLE_OBJC_WEAK = YES;
				CLANG_WARN_BLOCK_CAPTURE_AUTORELEASING = YES;
				CLANG_WARN_BOOL_CONVERSION = YES;
				CLANG_WARN_COMMA = YES;
				CLANG_WARN_CONSTANT_CONVERSION = YES;
				CLANG_WARN_DEPRECATED_OBJC_IMPLEMENTATIONS = YES;
				CLANG_WARN_DIRECT_OBJC_ISA_USAGE = YES_ERROR;
				CLANG_WARN_DOCUMENTATION_COMMENTS = YES;
				CLANG_WARN_EMPTY_BODY = YES;
				CLANG_WARN_ENUM_CONVERSION = YES;
				CLANG_WARN_INFINITE_RECURSION = YES;
				CLANG_WARN_INT_CONVERSION = YES;
				CLANG_WARN_NON_LITERAL_NULL_CONVERSION = YES;
				CLANG_WARN_OBJC_IMPLICIT_RETAIN_SELF = YES;
				CLANG_WARN_OBJC_LITERAL_CONVERSION = YES;
				CLANG_WARN_OBJC_ROOT_CLASS = YES_ERROR;
				CLANG_WARN_RANGE_LOOP_ANALYSIS = YES;
				CLANG_WARN_STRICT_PROTOTYPES = YES;
				CLANG_WARN_SUSPICIOUS_MOVE = YES;
				CLANG_WARN_UNGUARDED_AVAILABILITY = YES_AGGRESSIVE;
				CLANG_WARN_UNREACHABLE_CODE = YES;
				CLANG_WARN__DUPLICATE_METHOD_MATCH = YES;
				COPY_PHASE_STRIP = NO;
				DEBUG_INFORMATION_FORMAT = "dwarf-with-dsym";
				ENABLE_NS_ASSERTIONS = NO;
				ENABLE_STRICT_OBJC_MSGSEND = YES;
				GCC_C_LANGUAGE_STANDARD = gnu11;
				GCC_NO_COMMON_BLOCKS = YES;
				GCC_WARN_64_TO_32_BIT_CONVERSION = YES;
				GCC_WARN_ABOUT_RETURN_TYPE = YES_ERROR;
				GCC_WARN_UNDECLARED_SELECTOR = YES;
				GCC_WARN_UNINITIALIZED_AUTOS = YES_AGGRESSIVE;
				GCC_WARN_UNUSED_FUNCTION = YES;
				GCC_WARN_UNUSED_VARIABLE = YES;
				IPHONEOS_DEPLOYMENT_TARGET = 13.2;
				MTL_ENABLE_DEBUG_INFO = NO;
				MTL_FAST_MATH = YES;
				SDKROOT = iphoneos;
				SWIFT_COMPILATION_MODE = wholemodule;
				SWIFT_OPTIMIZATION_LEVEL = "-O";
				VALIDATE_PRODUCT = YES;
			};
			name = Release;
		};
		76274628247250490002D7A8 /* Debug */ = {
			isa = XCBuildConfiguration;
			baseConfigurationReference = 4F377CDB18948F7E968407B8 /* Pods-WeeklyWorkouts.debug.xcconfig */;
			buildSettings = {
				ASSETCATALOG_COMPILER_APPICON_NAME = AppIcon;
				CODE_SIGN_IDENTITY = "Apple Development";
				CODE_SIGN_STYLE = Automatic;
				CURRENT_PROJECT_VERSION = 1;
				DEVELOPMENT_TEAM = 577J7R7E99;
				INFOPLIST_FILE = WeeklyWorkouts/Info.plist;
				LD_RUNPATH_SEARCH_PATHS = (
					"$(inherited)",
					"@executable_path/Frameworks",
				);
				MARKETING_VERSION = 1.3;
				PRODUCT_BUNDLE_IDENTIFIER = com.kveldkamp.weeklyworkouts;
				PRODUCT_NAME = "$(TARGET_NAME)";
				PROVISIONING_PROFILE_SPECIFIER = "";
				SWIFT_VERSION = 5.0;
				TARGETED_DEVICE_FAMILY = "1,2";
			};
			name = Debug;
		};
		76274629247250490002D7A8 /* Release */ = {
			isa = XCBuildConfiguration;
			baseConfigurationReference = 20CA3D2F046E28DFA0845EC7 /* Pods-WeeklyWorkouts.release.xcconfig */;
			buildSettings = {
				ASSETCATALOG_COMPILER_APPICON_NAME = AppIcon;
				CODE_SIGN_IDENTITY = "Apple Development";
				CODE_SIGN_STYLE = Automatic;
				CURRENT_PROJECT_VERSION = 1;
				DEVELOPMENT_TEAM = 577J7R7E99;
				INFOPLIST_FILE = WeeklyWorkouts/Info.plist;
				LD_RUNPATH_SEARCH_PATHS = (
					"$(inherited)",
					"@executable_path/Frameworks",
				);
				MARKETING_VERSION = 1.3;
				PRODUCT_BUNDLE_IDENTIFIER = com.kveldkamp.weeklyworkouts;
				PRODUCT_NAME = "$(TARGET_NAME)";
				PROVISIONING_PROFILE_SPECIFIER = "";
				SWIFT_VERSION = 5.0;
				TARGETED_DEVICE_FAMILY = "1,2";
			};
			name = Release;
		};
		7627462B247250490002D7A8 /* Debug */ = {
			isa = XCBuildConfiguration;
			buildSettings = {
				ALWAYS_EMBED_SWIFT_STANDARD_LIBRARIES = YES;
				BUNDLE_LOADER = "$(TEST_HOST)";
				CODE_SIGN_STYLE = Automatic;
				DEVELOPMENT_TEAM = 577J7R7E99;
				INFOPLIST_FILE = WeeklyWorkoutsTests/Info.plist;
				IPHONEOS_DEPLOYMENT_TARGET = 13.2;
				LD_RUNPATH_SEARCH_PATHS = (
					"$(inherited)",
					"@executable_path/Frameworks",
					"@loader_path/Frameworks",
				);
				PRODUCT_BUNDLE_IDENTIFIER = "com.kveldkamp.weeklyworkouts.Weekly-WorkoutsTests";
				PRODUCT_NAME = "$(TARGET_NAME)";
				SWIFT_VERSION = 5.0;
				TARGETED_DEVICE_FAMILY = "1,2";
				TEST_HOST = "$(BUILT_PRODUCTS_DIR)/Weekly Workouts.app/Weekly Workouts";
			};
			name = Debug;
		};
		7627462C247250490002D7A8 /* Release */ = {
			isa = XCBuildConfiguration;
			buildSettings = {
				ALWAYS_EMBED_SWIFT_STANDARD_LIBRARIES = YES;
				BUNDLE_LOADER = "$(TEST_HOST)";
				CODE_SIGN_STYLE = Automatic;
				DEVELOPMENT_TEAM = 577J7R7E99;
				INFOPLIST_FILE = WeeklyWorkoutsTests/Info.plist;
				IPHONEOS_DEPLOYMENT_TARGET = 13.2;
				LD_RUNPATH_SEARCH_PATHS = (
					"$(inherited)",
					"@executable_path/Frameworks",
					"@loader_path/Frameworks",
				);
				PRODUCT_BUNDLE_IDENTIFIER = "com.kveldkamp.weeklyworkouts.Weekly-WorkoutsTests";
				PRODUCT_NAME = "$(TARGET_NAME)";
				SWIFT_VERSION = 5.0;
				TARGETED_DEVICE_FAMILY = "1,2";
				TEST_HOST = "$(BUILT_PRODUCTS_DIR)/Weekly Workouts.app/Weekly Workouts";
			};
			name = Release;
		};
		7627462E247250490002D7A8 /* Debug */ = {
			isa = XCBuildConfiguration;
			buildSettings = {
				ALWAYS_EMBED_SWIFT_STANDARD_LIBRARIES = YES;
				CODE_SIGN_STYLE = Automatic;
				DEVELOPMENT_TEAM = 577J7R7E99;
				INFOPLIST_FILE = "Weekly WorkoutsUITests/Info.plist";
				LD_RUNPATH_SEARCH_PATHS = (
					"$(inherited)",
					"@executable_path/Frameworks",
					"@loader_path/Frameworks",
				);
				PRODUCT_BUNDLE_IDENTIFIER = "com.kveldkamp.weeklyworkouts.Weekly-WorkoutsUITests";
				PRODUCT_NAME = "$(TARGET_NAME)";
				SWIFT_VERSION = 5.0;
				TARGETED_DEVICE_FAMILY = "1,2";
				TEST_TARGET_NAME = "Weekly Workouts";
			};
			name = Debug;
		};
		7627462F247250490002D7A8 /* Release */ = {
			isa = XCBuildConfiguration;
			buildSettings = {
				ALWAYS_EMBED_SWIFT_STANDARD_LIBRARIES = YES;
				CODE_SIGN_STYLE = Automatic;
				DEVELOPMENT_TEAM = 577J7R7E99;
				INFOPLIST_FILE = "Weekly WorkoutsUITests/Info.plist";
				LD_RUNPATH_SEARCH_PATHS = (
					"$(inherited)",
					"@executable_path/Frameworks",
					"@loader_path/Frameworks",
				);
				PRODUCT_BUNDLE_IDENTIFIER = "com.kveldkamp.weeklyworkouts.Weekly-WorkoutsUITests";
				PRODUCT_NAME = "$(TARGET_NAME)";
				SWIFT_VERSION = 5.0;
				TARGETED_DEVICE_FAMILY = "1,2";
				TEST_TARGET_NAME = "Weekly Workouts";
			};
			name = Release;
		};
/* End XCBuildConfiguration section */

/* Begin XCConfigurationList section */
		762745F5247250460002D7A8 /* Build configuration list for PBXProject "WeeklyWorkouts" */ = {
			isa = XCConfigurationList;
			buildConfigurations = (
				76274625247250490002D7A8 /* Debug */,
				76274626247250490002D7A8 /* Release */,
			);
			defaultConfigurationIsVisible = 0;
			defaultConfigurationName = Release;
		};
		76274627247250490002D7A8 /* Build configuration list for PBXNativeTarget "WeeklyWorkouts" */ = {
			isa = XCConfigurationList;
			buildConfigurations = (
				76274628247250490002D7A8 /* Debug */,
				76274629247250490002D7A8 /* Release */,
			);
			defaultConfigurationIsVisible = 0;
			defaultConfigurationName = Release;
		};
		7627462A247250490002D7A8 /* Build configuration list for PBXNativeTarget "Weekly WorkoutsTests" */ = {
			isa = XCConfigurationList;
			buildConfigurations = (
				7627462B247250490002D7A8 /* Debug */,
				7627462C247250490002D7A8 /* Release */,
			);
			defaultConfigurationIsVisible = 0;
			defaultConfigurationName = Release;
		};
		7627462D247250490002D7A8 /* Build configuration list for PBXNativeTarget "Weekly WorkoutsUITests" */ = {
			isa = XCConfigurationList;
			buildConfigurations = (
				7627462E247250490002D7A8 /* Debug */,
				7627462F247250490002D7A8 /* Release */,
			);
			defaultConfigurationIsVisible = 0;
			defaultConfigurationName = Release;
		};
/* End XCConfigurationList section */

/* Begin XCVersionGroup section */
		76274606247250460002D7A8 /* Weekly_Workouts.xcdatamodeld */ = {
			isa = XCVersionGroup;
			children = (
				76274607247250460002D7A8 /* Weekly_Workouts.xcdatamodel */,
			);
			currentVersion = 76274607247250460002D7A8 /* Weekly_Workouts.xcdatamodel */;
			path = Weekly_Workouts.xcdatamodeld;
			sourceTree = "<group>";
			versionGroupType = wrapper.xcdatamodel;
		};
/* End XCVersionGroup section */
	};
	rootObject = 762745F2247250460002D7A8 /* Project object */;
}
